
Microsoft Visual Studio Solution File, Format Version 12.00
# Visual Studio Version 16
VisualStudioVersion = 16.0.30320.27
MinimumVisualStudioVersion = 10.0.40219.1
Project("{D954291E-2A0B-460D-934E-DC6B0785DB48}") = "CommandBarIssues.Shared", "CommandBarIssues.Shared\CommandBarIssues.Shared.shproj", "{6279C845-92F8-4333-AB99-3D213163593C}"
EndProject
Project("{FAE04EC0-301F-11D3-BF4B-00C04F79EFBC}") = "CommandBarIssues.Droid", "CommandBarIssues.Droid\CommandBarIssues.Droid.csproj", "{FEEA30B9-2DCC-4129-B4EB-F26D0D9EA8B4}"
EndProject
Project("{FAE04EC0-301F-11D3-BF4B-00C04F79EFBC}") = "CommandBarIssues.iOS", "CommandBarIssues.iOS\CommandBarIssues.iOS.csproj", "{A978DC79-07AA-443F-AF65-EA2CAD6CE051}"
EndProject
Project("{FAE04EC0-301F-11D3-BF4B-00C04F79EFBC}") = "CommandBarIssues.UWP", "CommandBarIssues.UWP\CommandBarIssues.UWP.csproj", "{490A1C12-C757-402E-BBFD-3F016DE24BE2}"
EndProject
Project("{FAE04EC0-301F-11D3-BF4B-00C04F79EFBC}") = "CommandBarIssues.Wasm", "CommandBarIssues.Wasm\CommandBarIssues.Wasm.csproj", "{E2AE3F64-E325-45AB-BE43-B7C88CCE20AD}"
EndProject
Project("{FAE04EC0-301F-11D3-BF4B-00C04F79EFBC}") = "CommandBarIssues.macOS", "CommandBarIssues.macOS\CommandBarIssues.macOS.csproj", "{A7F96E42-C6A1-4AD4-AD89-C1598A1A8F38}"
EndProject
Global
	GlobalSection(SharedMSBuildProjectFiles) = preSolution
		CommandBarIssues.Shared\CommandBarIssues.Shared.projitems*{490a1c12-c757-402e-bbfd-3f016de24be2}*SharedItemsImports = 4
		CommandBarIssues.Shared\CommandBarIssues.Shared.projitems*{6279c845-92f8-4333-ab99-3d213163593c}*SharedItemsImports = 13
		CommandBarIssues.Shared\CommandBarIssues.Shared.projitems*{a7f96e42-c6a1-4ad4-ad89-c1598a1a8f38}*SharedItemsImports = 4
		CommandBarIssues.Shared\CommandBarIssues.Shared.projitems*{a978dc79-07aa-443f-af65-ea2cad6ce051}*SharedItemsImports = 4
		CommandBarIssues.Shared\CommandBarIssues.Shared.projitems*{e2ae3f64-e325-45ab-be43-b7c88cce20ad}*SharedItemsImports = 5
		CommandBarIssues.Shared\CommandBarIssues.Shared.projitems*{feea30b9-2dcc-4129-b4eb-f26d0d9ea8b4}*SharedItemsImports = 4
	EndGlobalSection
	GlobalSection(SolutionConfigurationPlatforms) = preSolution
		Ad-Hoc|Any CPU = Ad-Hoc|Any CPU
		Ad-Hoc|ARM = Ad-Hoc|ARM
		Ad-Hoc|ARM64 = Ad-Hoc|ARM64
		Ad-Hoc|iPhone = Ad-Hoc|iPhone
		Ad-Hoc|iPhoneSimulator = Ad-Hoc|iPhoneSimulator
		Ad-Hoc|x64 = Ad-Hoc|x64
		Ad-Hoc|x86 = Ad-Hoc|x86
		AppStore|Any CPU = AppStore|Any CPU
		AppStore|ARM = AppStore|ARM
		AppStore|ARM64 = AppStore|ARM64
		AppStore|iPhone = AppStore|iPhone
		AppStore|iPhoneSimulator = AppStore|iPhoneSimulator
		AppStore|x64 = AppStore|x64
		AppStore|x86 = AppStore|x86
		Debug|Any CPU = Debug|Any CPU
		Debug|ARM = Debug|ARM
		Debug|ARM64 = Debug|ARM64
		Debug|iPhone = Debug|iPhone
		Debug|iPhoneSimulator = Debug|iPhoneSimulator
		Debug|x64 = Debug|x64
		Debug|x86 = Debug|x86
		Release|Any CPU = Release|Any CPU
		Release|ARM = Release|ARM
		Release|ARM64 = Release|ARM64
		Release|iPhone = Release|iPhone
		Release|iPhoneSimulator = Release|iPhoneSimulator
		Release|x64 = Release|x64
		Release|x86 = Release|x86
	EndGlobalSection
	GlobalSection(ProjectConfigurationPlatforms) = postSolution
		{FEEA30B9-2DCC-4129-B4EB-F26D0D9EA8B4}.Ad-Hoc|Any CPU.ActiveCfg = Release|Any CPU
		{FEEA30B9-2DCC-4129-B4EB-F26D0D9EA8B4}.Ad-Hoc|Any CPU.Build.0 = Release|Any CPU
		{FEEA30B9-2DCC-4129-B4EB-F26D0D9EA8B4}.Ad-Hoc|Any CPU.Deploy.0 = Release|Any CPU
		{FEEA30B9-2DCC-4129-B4EB-F26D0D9EA8B4}.Ad-Hoc|ARM.ActiveCfg = Release|Any CPU
		{FEEA30B9-2DCC-4129-B4EB-F26D0D9EA8B4}.Ad-Hoc|ARM.Build.0 = Release|Any CPU
		{FEEA30B9-2DCC-4129-B4EB-F26D0D9EA8B4}.Ad-Hoc|ARM.Deploy.0 = Release|Any CPU
		{FEEA30B9-2DCC-4129-B4EB-F26D0D9EA8B4}.Ad-Hoc|ARM64.ActiveCfg = Release|Any CPU
		{FEEA30B9-2DCC-4129-B4EB-F26D0D9EA8B4}.Ad-Hoc|ARM64.Build.0 = Release|Any CPU
		{FEEA30B9-2DCC-4129-B4EB-F26D0D9EA8B4}.Ad-Hoc|ARM64.Deploy.0 = Release|Any CPU
		{FEEA30B9-2DCC-4129-B4EB-F26D0D9EA8B4}.Ad-Hoc|iPhone.ActiveCfg = Release|Any CPU
		{FEEA30B9-2DCC-4129-B4EB-F26D0D9EA8B4}.Ad-Hoc|iPhone.Build.0 = Release|Any CPU
		{FEEA30B9-2DCC-4129-B4EB-F26D0D9EA8B4}.Ad-Hoc|iPhone.Deploy.0 = Release|Any CPU
		{FEEA30B9-2DCC-4129-B4EB-F26D0D9EA8B4}.Ad-Hoc|iPhoneSimulator.ActiveCfg = Release|Any CPU
		{FEEA30B9-2DCC-4129-B4EB-F26D0D9EA8B4}.Ad-Hoc|iPhoneSimulator.Build.0 = Release|Any CPU
		{FEEA30B9-2DCC-4129-B4EB-F26D0D9EA8B4}.Ad-Hoc|iPhoneSimulator.Deploy.0 = Release|Any CPU
		{FEEA30B9-2DCC-4129-B4EB-F26D0D9EA8B4}.Ad-Hoc|x64.ActiveCfg = Release|Any CPU
		{FEEA30B9-2DCC-4129-B4EB-F26D0D9EA8B4}.Ad-Hoc|x64.Build.0 = Release|Any CPU
		{FEEA30B9-2DCC-4129-B4EB-F26D0D9EA8B4}.Ad-Hoc|x64.Deploy.0 = Release|Any CPU
		{FEEA30B9-2DCC-4129-B4EB-F26D0D9EA8B4}.Ad-Hoc|x86.ActiveCfg = Release|Any CPU
		{FEEA30B9-2DCC-4129-B4EB-F26D0D9EA8B4}.Ad-Hoc|x86.Build.0 = Release|Any CPU
		{FEEA30B9-2DCC-4129-B4EB-F26D0D9EA8B4}.Ad-Hoc|x86.Deploy.0 = Release|Any CPU
		{FEEA30B9-2DCC-4129-B4EB-F26D0D9EA8B4}.AppStore|Any CPU.ActiveCfg = Release|Any CPU
		{FEEA30B9-2DCC-4129-B4EB-F26D0D9EA8B4}.AppStore|Any CPU.Build.0 = Release|Any CPU
		{FEEA30B9-2DCC-4129-B4EB-F26D0D9EA8B4}.AppStore|Any CPU.Deploy.0 = Release|Any CPU
		{FEEA30B9-2DCC-4129-B4EB-F26D0D9EA8B4}.AppStore|ARM.ActiveCfg = Release|Any CPU
		{FEEA30B9-2DCC-4129-B4EB-F26D0D9EA8B4}.AppStore|ARM.Build.0 = Release|Any CPU
		{FEEA30B9-2DCC-4129-B4EB-F26D0D9EA8B4}.AppStore|ARM.Deploy.0 = Release|Any CPU
		{FEEA30B9-2DCC-4129-B4EB-F26D0D9EA8B4}.AppStore|ARM64.ActiveCfg = Release|Any CPU
		{FEEA30B9-2DCC-4129-B4EB-F26D0D9EA8B4}.AppStore|ARM64.Build.0 = Release|Any CPU
		{FEEA30B9-2DCC-4129-B4EB-F26D0D9EA8B4}.AppStore|ARM64.Deploy.0 = Release|Any CPU
		{FEEA30B9-2DCC-4129-B4EB-F26D0D9EA8B4}.AppStore|iPhone.ActiveCfg = Release|Any CPU
		{FEEA30B9-2DCC-4129-B4EB-F26D0D9EA8B4}.AppStore|iPhone.Build.0 = Release|Any CPU
		{FEEA30B9-2DCC-4129-B4EB-F26D0D9EA8B4}.AppStore|iPhone.Deploy.0 = Release|Any CPU
		{FEEA30B9-2DCC-4129-B4EB-F26D0D9EA8B4}.AppStore|iPhoneSimulator.ActiveCfg = Release|Any CPU
		{FEEA30B9-2DCC-4129-B4EB-F26D0D9EA8B4}.AppStore|iPhoneSimulator.Build.0 = Release|Any CPU
		{FEEA30B9-2DCC-4129-B4EB-F26D0D9EA8B4}.AppStore|iPhoneSimulator.Deploy.0 = Release|Any CPU
		{FEEA30B9-2DCC-4129-B4EB-F26D0D9EA8B4}.AppStore|x64.ActiveCfg = Release|Any CPU
		{FEEA30B9-2DCC-4129-B4EB-F26D0D9EA8B4}.AppStore|x64.Build.0 = Release|Any CPU
		{FEEA30B9-2DCC-4129-B4EB-F26D0D9EA8B4}.AppStore|x64.Deploy.0 = Release|Any CPU
		{FEEA30B9-2DCC-4129-B4EB-F26D0D9EA8B4}.AppStore|x86.ActiveCfg = Release|Any CPU
		{FEEA30B9-2DCC-4129-B4EB-F26D0D9EA8B4}.AppStore|x86.Build.0 = Release|Any CPU
		{FEEA30B9-2DCC-4129-B4EB-F26D0D9EA8B4}.AppStore|x86.Deploy.0 = Release|Any CPU
		{FEEA30B9-2DCC-4129-B4EB-F26D0D9EA8B4}.Debug|Any CPU.ActiveCfg = Debug|Any CPU
		{FEEA30B9-2DCC-4129-B4EB-F26D0D9EA8B4}.Debug|Any CPU.Build.0 = Debug|Any CPU
		{FEEA30B9-2DCC-4129-B4EB-F26D0D9EA8B4}.Debug|Any CPU.Deploy.0 = Debug|Any CPU
		{FEEA30B9-2DCC-4129-B4EB-F26D0D9EA8B4}.Debug|ARM.ActiveCfg = Debug|Any CPU
		{FEEA30B9-2DCC-4129-B4EB-F26D0D9EA8B4}.Debug|ARM.Build.0 = Debug|Any CPU
		{FEEA30B9-2DCC-4129-B4EB-F26D0D9EA8B4}.Debug|ARM.Deploy.0 = Debug|Any CPU
		{FEEA30B9-2DCC-4129-B4EB-F26D0D9EA8B4}.Debug|ARM64.ActiveCfg = Debug|Any CPU
		{FEEA30B9-2DCC-4129-B4EB-F26D0D9EA8B4}.Debug|ARM64.Build.0 = Debug|Any CPU
		{FEEA30B9-2DCC-4129-B4EB-F26D0D9EA8B4}.Debug|ARM64.Deploy.0 = Debug|Any CPU
		{FEEA30B9-2DCC-4129-B4EB-F26D0D9EA8B4}.Debug|iPhone.ActiveCfg = Debug|Any CPU
		{FEEA30B9-2DCC-4129-B4EB-F26D0D9EA8B4}.Debug|iPhone.Build.0 = Debug|Any CPU
		{FEEA30B9-2DCC-4129-B4EB-F26D0D9EA8B4}.Debug|iPhone.Deploy.0 = Debug|Any CPU
		{FEEA30B9-2DCC-4129-B4EB-F26D0D9EA8B4}.Debug|iPhoneSimulator.ActiveCfg = Debug|Any CPU
		{FEEA30B9-2DCC-4129-B4EB-F26D0D9EA8B4}.Debug|iPhoneSimulator.Build.0 = Debug|Any CPU
		{FEEA30B9-2DCC-4129-B4EB-F26D0D9EA8B4}.Debug|iPhoneSimulator.Deploy.0 = Debug|Any CPU
		{FEEA30B9-2DCC-4129-B4EB-F26D0D9EA8B4}.Debug|x64.ActiveCfg = Debug|Any CPU
		{FEEA30B9-2DCC-4129-B4EB-F26D0D9EA8B4}.Debug|x64.Build.0 = Debug|Any CPU
		{FEEA30B9-2DCC-4129-B4EB-F26D0D9EA8B4}.Debug|x64.Deploy.0 = Debug|Any CPU
		{FEEA30B9-2DCC-4129-B4EB-F26D0D9EA8B4}.Debug|x86.ActiveCfg = Debug|Any CPU
		{FEEA30B9-2DCC-4129-B4EB-F26D0D9EA8B4}.Debug|x86.Build.0 = Debug|Any CPU
		{FEEA30B9-2DCC-4129-B4EB-F26D0D9EA8B4}.Debug|x86.Deploy.0 = Debug|Any CPU
		{FEEA30B9-2DCC-4129-B4EB-F26D0D9EA8B4}.Release|Any CPU.ActiveCfg = Release|Any CPU
		{FEEA30B9-2DCC-4129-B4EB-F26D0D9EA8B4}.Release|Any CPU.Build.0 = Release|Any CPU
		{FEEA30B9-2DCC-4129-B4EB-F26D0D9EA8B4}.Release|Any CPU.Deploy.0 = Release|Any CPU
		{FEEA30B9-2DCC-4129-B4EB-F26D0D9EA8B4}.Release|ARM.ActiveCfg = Release|Any CPU
		{FEEA30B9-2DCC-4129-B4EB-F26D0D9EA8B4}.Release|ARM.Build.0 = Release|Any CPU
		{FEEA30B9-2DCC-4129-B4EB-F26D0D9EA8B4}.Release|ARM.Deploy.0 = Release|Any CPU
		{FEEA30B9-2DCC-4129-B4EB-F26D0D9EA8B4}.Release|ARM64.ActiveCfg = Release|Any CPU
		{FEEA30B9-2DCC-4129-B4EB-F26D0D9EA8B4}.Release|ARM64.Build.0 = Release|Any CPU
		{FEEA30B9-2DCC-4129-B4EB-F26D0D9EA8B4}.Release|ARM64.Deploy.0 = Release|Any CPU
		{FEEA30B9-2DCC-4129-B4EB-F26D0D9EA8B4}.Release|iPhone.ActiveCfg = Release|Any CPU
		{FEEA30B9-2DCC-4129-B4EB-F26D0D9EA8B4}.Release|iPhone.Build.0 = Release|Any CPU
		{FEEA30B9-2DCC-4129-B4EB-F26D0D9EA8B4}.Release|iPhone.Deploy.0 = Release|Any CPU
		{FEEA30B9-2DCC-4129-B4EB-F26D0D9EA8B4}.Release|iPhoneSimulator.ActiveCfg = Release|Any CPU
		{FEEA30B9-2DCC-4129-B4EB-F26D0D9EA8B4}.Release|iPhoneSimulator.Build.0 = Release|Any CPU
		{FEEA30B9-2DCC-4129-B4EB-F26D0D9EA8B4}.Release|iPhoneSimulator.Deploy.0 = Release|Any CPU
		{FEEA30B9-2DCC-4129-B4EB-F26D0D9EA8B4}.Release|x64.ActiveCfg = Release|Any CPU
		{FEEA30B9-2DCC-4129-B4EB-F26D0D9EA8B4}.Release|x64.Build.0 = Release|Any CPU
		{FEEA30B9-2DCC-4129-B4EB-F26D0D9EA8B4}.Release|x64.Deploy.0 = Release|Any CPU
		{FEEA30B9-2DCC-4129-B4EB-F26D0D9EA8B4}.Release|x86.ActiveCfg = Release|Any CPU
		{FEEA30B9-2DCC-4129-B4EB-F26D0D9EA8B4}.Release|x86.Build.0 = Release|Any CPU
		{FEEA30B9-2DCC-4129-B4EB-F26D0D9EA8B4}.Release|x86.Deploy.0 = Release|Any CPU
		{A978DC79-07AA-443F-AF65-EA2CAD6CE051}.Ad-Hoc|Any CPU.ActiveCfg = Ad-Hoc|iPhone
		{A978DC79-07AA-443F-AF65-EA2CAD6CE051}.Ad-Hoc|ARM.ActiveCfg = Ad-Hoc|iPhone
		{A978DC79-07AA-443F-AF65-EA2CAD6CE051}.Ad-Hoc|ARM64.ActiveCfg = Ad-Hoc|iPhone
		{A978DC79-07AA-443F-AF65-EA2CAD6CE051}.Ad-Hoc|iPhone.ActiveCfg = Ad-Hoc|iPhone
		{A978DC79-07AA-443F-AF65-EA2CAD6CE051}.Ad-Hoc|iPhone.Build.0 = Ad-Hoc|iPhone
		{A978DC79-07AA-443F-AF65-EA2CAD6CE051}.Ad-Hoc|iPhoneSimulator.ActiveCfg = Ad-Hoc|iPhoneSimulator
		{A978DC79-07AA-443F-AF65-EA2CAD6CE051}.Ad-Hoc|iPhoneSimulator.Build.0 = Ad-Hoc|iPhoneSimulator
		{A978DC79-07AA-443F-AF65-EA2CAD6CE051}.Ad-Hoc|x64.ActiveCfg = Ad-Hoc|iPhone
		{A978DC79-07AA-443F-AF65-EA2CAD6CE051}.Ad-Hoc|x86.ActiveCfg = Ad-Hoc|iPhone
		{A978DC79-07AA-443F-AF65-EA2CAD6CE051}.AppStore|Any CPU.ActiveCfg = AppStore|iPhone
		{A978DC79-07AA-443F-AF65-EA2CAD6CE051}.AppStore|ARM.ActiveCfg = AppStore|iPhone
		{A978DC79-07AA-443F-AF65-EA2CAD6CE051}.AppStore|ARM64.ActiveCfg = AppStore|iPhone
		{A978DC79-07AA-443F-AF65-EA2CAD6CE051}.AppStore|iPhone.ActiveCfg = AppStore|iPhone
		{A978DC79-07AA-443F-AF65-EA2CAD6CE051}.AppStore|iPhone.Build.0 = AppStore|iPhone
		{A978DC79-07AA-443F-AF65-EA2CAD6CE051}.AppStore|iPhoneSimulator.ActiveCfg = AppStore|iPhoneSimulator
		{A978DC79-07AA-443F-AF65-EA2CAD6CE051}.AppStore|iPhoneSimulator.Build.0 = AppStore|iPhoneSimulator
		{A978DC79-07AA-443F-AF65-EA2CAD6CE051}.AppStore|x64.ActiveCfg = AppStore|iPhone
		{A978DC79-07AA-443F-AF65-EA2CAD6CE051}.AppStore|x86.ActiveCfg = AppStore|iPhone
		{A978DC79-07AA-443F-AF65-EA2CAD6CE051}.Debug|Any CPU.ActiveCfg = Debug|iPhone
		{A978DC79-07AA-443F-AF65-EA2CAD6CE051}.Debug|ARM.ActiveCfg = Debug|iPhone
		{A978DC79-07AA-443F-AF65-EA2CAD6CE051}.Debug|ARM64.ActiveCfg = Debug|iPhone
		{A978DC79-07AA-443F-AF65-EA2CAD6CE051}.Debug|iPhone.ActiveCfg = Debug|iPhone
		{A978DC79-07AA-443F-AF65-EA2CAD6CE051}.Debug|iPhone.Build.0 = Debug|iPhone
		{A978DC79-07AA-443F-AF65-EA2CAD6CE051}.Debug|iPhoneSimulator.ActiveCfg = Debug|iPhoneSimulator
		{A978DC79-07AA-443F-AF65-EA2CAD6CE051}.Debug|iPhoneSimulator.Build.0 = Debug|iPhoneSimulator
		{A978DC79-07AA-443F-AF65-EA2CAD6CE051}.Debug|x64.ActiveCfg = Debug|iPhone
		{A978DC79-07AA-443F-AF65-EA2CAD6CE051}.Debug|x86.ActiveCfg = Debug|iPhone
		{A978DC79-07AA-443F-AF65-EA2CAD6CE051}.Release|Any CPU.ActiveCfg = Release|iPhone
		{A978DC79-07AA-443F-AF65-EA2CAD6CE051}.Release|ARM.ActiveCfg = Release|iPhone
		{A978DC79-07AA-443F-AF65-EA2CAD6CE051}.Release|ARM64.ActiveCfg = Release|iPhone
		{A978DC79-07AA-443F-AF65-EA2CAD6CE051}.Release|iPhone.ActiveCfg = Release|iPhone
		{A978DC79-07AA-443F-AF65-EA2CAD6CE051}.Release|iPhone.Build.0 = Release|iPhone
		{A978DC79-07AA-443F-AF65-EA2CAD6CE051}.Release|iPhoneSimulator.ActiveCfg = Release|iPhoneSimulator
		{A978DC79-07AA-443F-AF65-EA2CAD6CE051}.Release|iPhoneSimulator.Build.0 = Release|iPhoneSimulator
		{A978DC79-07AA-443F-AF65-EA2CAD6CE051}.Release|x64.ActiveCfg = Release|iPhone
		{A978DC79-07AA-443F-AF65-EA2CAD6CE051}.Release|x86.ActiveCfg = Release|iPhone
		{490A1C12-C757-402E-BBFD-3F016DE24BE2}.Ad-Hoc|Any CPU.ActiveCfg = Release|x64
		{490A1C12-C757-402E-BBFD-3F016DE24BE2}.Ad-Hoc|Any CPU.Build.0 = Release|x64
		{490A1C12-C757-402E-BBFD-3F016DE24BE2}.Ad-Hoc|Any CPU.Deploy.0 = Release|x64
		{490A1C12-C757-402E-BBFD-3F016DE24BE2}.Ad-Hoc|ARM.ActiveCfg = Release|ARM
		{490A1C12-C757-402E-BBFD-3F016DE24BE2}.Ad-Hoc|ARM.Build.0 = Release|ARM
		{490A1C12-C757-402E-BBFD-3F016DE24BE2}.Ad-Hoc|ARM.Deploy.0 = Release|ARM
		{490A1C12-C757-402E-BBFD-3F016DE24BE2}.Ad-Hoc|ARM64.ActiveCfg = Release|ARM64
		{490A1C12-C757-402E-BBFD-3F016DE24BE2}.Ad-Hoc|ARM64.Build.0 = Release|ARM64
		{490A1C12-C757-402E-BBFD-3F016DE24BE2}.Ad-Hoc|ARM64.Deploy.0 = Release|ARM64
		{490A1C12-C757-402E-BBFD-3F016DE24BE2}.Ad-Hoc|iPhone.ActiveCfg = Release|x64
		{490A1C12-C757-402E-BBFD-3F016DE24BE2}.Ad-Hoc|iPhone.Build.0 = Release|x64
		{490A1C12-C757-402E-BBFD-3F016DE24BE2}.Ad-Hoc|iPhone.Deploy.0 = Release|x64
		{490A1C12-C757-402E-BBFD-3F016DE24BE2}.Ad-Hoc|iPhoneSimulator.ActiveCfg = Release|x64
		{490A1C12-C757-402E-BBFD-3F016DE24BE2}.Ad-Hoc|iPhoneSimulator.Build.0 = Release|x64
		{490A1C12-C757-402E-BBFD-3F016DE24BE2}.Ad-Hoc|iPhoneSimulator.Deploy.0 = Release|x64
		{490A1C12-C757-402E-BBFD-3F016DE24BE2}.Ad-Hoc|x64.ActiveCfg = Release|x64
		{490A1C12-C757-402E-BBFD-3F016DE24BE2}.Ad-Hoc|x64.Build.0 = Release|x64
		{490A1C12-C757-402E-BBFD-3F016DE24BE2}.Ad-Hoc|x64.Deploy.0 = Release|x64
		{490A1C12-C757-402E-BBFD-3F016DE24BE2}.Ad-Hoc|x86.ActiveCfg = Release|x86
		{490A1C12-C757-402E-BBFD-3F016DE24BE2}.Ad-Hoc|x86.Build.0 = Release|x86
		{490A1C12-C757-402E-BBFD-3F016DE24BE2}.Ad-Hoc|x86.Deploy.0 = Release|x86
		{490A1C12-C757-402E-BBFD-3F016DE24BE2}.AppStore|Any CPU.ActiveCfg = Release|x64
		{490A1C12-C757-402E-BBFD-3F016DE24BE2}.AppStore|Any CPU.Build.0 = Release|x64
		{490A1C12-C757-402E-BBFD-3F016DE24BE2}.AppStore|Any CPU.Deploy.0 = Release|x64
		{490A1C12-C757-402E-BBFD-3F016DE24BE2}.AppStore|ARM.ActiveCfg = Release|ARM
		{490A1C12-C757-402E-BBFD-3F016DE24BE2}.AppStore|ARM.Build.0 = Release|ARM
		{490A1C12-C757-402E-BBFD-3F016DE24BE2}.AppStore|ARM.Deploy.0 = Release|ARM
		{490A1C12-C757-402E-BBFD-3F016DE24BE2}.AppStore|ARM64.ActiveCfg = Release|ARM64
		{490A1C12-C757-402E-BBFD-3F016DE24BE2}.AppStore|ARM64.Build.0 = Release|ARM64
		{490A1C12-C757-402E-BBFD-3F016DE24BE2}.AppStore|ARM64.Deploy.0 = Release|ARM64
		{490A1C12-C757-402E-BBFD-3F016DE24BE2}.AppStore|iPhone.ActiveCfg = Release|x64
		{490A1C12-C757-402E-BBFD-3F016DE24BE2}.AppStore|iPhone.Build.0 = Release|x64
		{490A1C12-C757-402E-BBFD-3F016DE24BE2}.AppStore|iPhone.Deploy.0 = Release|x64
		{490A1C12-C757-402E-BBFD-3F016DE24BE2}.AppStore|iPhoneSimulator.ActiveCfg = Release|x64
		{490A1C12-C757-402E-BBFD-3F016DE24BE2}.AppStore|iPhoneSimulator.Build.0 = Release|x64
		{490A1C12-C757-402E-BBFD-3F016DE24BE2}.AppStore|iPhoneSimulator.Deploy.0 = Release|x64
		{490A1C12-C757-402E-BBFD-3F016DE24BE2}.AppStore|x64.ActiveCfg = Release|x64
		{490A1C12-C757-402E-BBFD-3F016DE24BE2}.AppStore|x64.Build.0 = Release|x64
		{490A1C12-C757-402E-BBFD-3F016DE24BE2}.AppStore|x64.Deploy.0 = Release|x64
		{490A1C12-C757-402E-BBFD-3F016DE24BE2}.AppStore|x86.ActiveCfg = Release|x86
		{490A1C12-C757-402E-BBFD-3F016DE24BE2}.AppStore|x86.Build.0 = Release|x86
		{490A1C12-C757-402E-BBFD-3F016DE24BE2}.AppStore|x86.Deploy.0 = Release|x86
		{490A1C12-C757-402E-BBFD-3F016DE24BE2}.Debug|Any CPU.ActiveCfg = Debug|x86
		{490A1C12-C757-402E-BBFD-3F016DE24BE2}.Debug|ARM.ActiveCfg = Debug|ARM
		{490A1C12-C757-402E-BBFD-3F016DE24BE2}.Debug|ARM.Build.0 = Debug|ARM
		{490A1C12-C757-402E-BBFD-3F016DE24BE2}.Debug|ARM.Deploy.0 = Debug|ARM
		{490A1C12-C757-402E-BBFD-3F016DE24BE2}.Debug|ARM64.ActiveCfg = Debug|ARM64
		{490A1C12-C757-402E-BBFD-3F016DE24BE2}.Debug|ARM64.Build.0 = Debug|ARM64
		{490A1C12-C757-402E-BBFD-3F016DE24BE2}.Debug|ARM64.Deploy.0 = Debug|ARM64
		{490A1C12-C757-402E-BBFD-3F016DE24BE2}.Debug|iPhone.ActiveCfg = Debug|x86
		{490A1C12-C757-402E-BBFD-3F016DE24BE2}.Debug|iPhoneSimulator.ActiveCfg = Debug|x86
		{490A1C12-C757-402E-BBFD-3F016DE24BE2}.Debug|x64.ActiveCfg = Debug|x64
		{490A1C12-C757-402E-BBFD-3F016DE24BE2}.Debug|x64.Build.0 = Debug|x64
		{490A1C12-C757-402E-BBFD-3F016DE24BE2}.Debug|x64.Deploy.0 = Debug|x64
		{490A1C12-C757-402E-BBFD-3F016DE24BE2}.Debug|x86.ActiveCfg = Debug|x86
		{490A1C12-C757-402E-BBFD-3F016DE24BE2}.Debug|x86.Build.0 = Debug|x86
		{490A1C12-C757-402E-BBFD-3F016DE24BE2}.Debug|x86.Deploy.0 = Debug|x86
		{490A1C12-C757-402E-BBFD-3F016DE24BE2}.Release|Any CPU.ActiveCfg = Release|x86
		{490A1C12-C757-402E-BBFD-3F016DE24BE2}.Release|ARM.ActiveCfg = Release|ARM
		{490A1C12-C757-402E-BBFD-3F016DE24BE2}.Release|ARM.Build.0 = Release|ARM
		{490A1C12-C757-402E-BBFD-3F016DE24BE2}.Release|ARM.Deploy.0 = Release|ARM
		{490A1C12-C757-402E-BBFD-3F016DE24BE2}.Release|ARM64.ActiveCfg = Release|ARM64
		{490A1C12-C757-402E-BBFD-3F016DE24BE2}.Release|ARM64.Build.0 = Release|ARM64
		{490A1C12-C757-402E-BBFD-3F016DE24BE2}.Release|ARM64.Deploy.0 = Release|ARM64
		{490A1C12-C757-402E-BBFD-3F016DE24BE2}.Release|iPhone.ActiveCfg = Release|x86
		{490A1C12-C757-402E-BBFD-3F016DE24BE2}.Release|iPhoneSimulator.ActiveCfg = Release|x86
		{490A1C12-C757-402E-BBFD-3F016DE24BE2}.Release|x64.ActiveCfg = Release|x64
		{490A1C12-C757-402E-BBFD-3F016DE24BE2}.Release|x64.Build.0 = Release|x64
		{490A1C12-C757-402E-BBFD-3F016DE24BE2}.Release|x64.Deploy.0 = Release|x64
		{490A1C12-C757-402E-BBFD-3F016DE24BE2}.Release|x86.ActiveCfg = Release|x86
		{490A1C12-C757-402E-BBFD-3F016DE24BE2}.Release|x86.Build.0 = Release|x86
		{490A1C12-C757-402E-BBFD-3F016DE24BE2}.Release|x86.Deploy.0 = Release|x86
		{E2AE3F64-E325-45AB-BE43-B7C88CCE20AD}.Ad-Hoc|Any CPU.ActiveCfg = Debug|Any CPU
		{E2AE3F64-E325-45AB-BE43-B7C88CCE20AD}.Ad-Hoc|Any CPU.Build.0 = Debug|Any CPU
		{E2AE3F64-E325-45AB-BE43-B7C88CCE20AD}.Ad-Hoc|ARM.ActiveCfg = Debug|Any CPU
		{E2AE3F64-E325-45AB-BE43-B7C88CCE20AD}.Ad-Hoc|ARM.Build.0 = Debug|Any CPU
		{E2AE3F64-E325-45AB-BE43-B7C88CCE20AD}.Ad-Hoc|ARM64.ActiveCfg = Debug|Any CPU
		{E2AE3F64-E325-45AB-BE43-B7C88CCE20AD}.Ad-Hoc|ARM64.Build.0 = Debug|Any CPU
		{E2AE3F64-E325-45AB-BE43-B7C88CCE20AD}.Ad-Hoc|iPhone.ActiveCfg = Debug|Any CPU
		{E2AE3F64-E325-45AB-BE43-B7C88CCE20AD}.Ad-Hoc|iPhone.Build.0 = Debug|Any CPU
		{E2AE3F64-E325-45AB-BE43-B7C88CCE20AD}.Ad-Hoc|iPhoneSimulator.ActiveCfg = Debug|Any CPU
		{E2AE3F64-E325-45AB-BE43-B7C88CCE20AD}.Ad-Hoc|iPhoneSimulator.Build.0 = Debug|Any CPU
		{E2AE3F64-E325-45AB-BE43-B7C88CCE20AD}.Ad-Hoc|x64.ActiveCfg = Debug|Any CPU
		{E2AE3F64-E325-45AB-BE43-B7C88CCE20AD}.Ad-Hoc|x64.Build.0 = Debug|Any CPU
		{E2AE3F64-E325-45AB-BE43-B7C88CCE20AD}.Ad-Hoc|x86.ActiveCfg = Debug|Any CPU
		{E2AE3F64-E325-45AB-BE43-B7C88CCE20AD}.Ad-Hoc|x86.Build.0 = Debug|Any CPU
		{E2AE3F64-E325-45AB-BE43-B7C88CCE20AD}.AppStore|Any CPU.ActiveCfg = Debug|Any CPU
		{E2AE3F64-E325-45AB-BE43-B7C88CCE20AD}.AppStore|Any CPU.Build.0 = Debug|Any CPU
		{E2AE3F64-E325-45AB-BE43-B7C88CCE20AD}.AppStore|ARM.ActiveCfg = Debug|Any CPU
		{E2AE3F64-E325-45AB-BE43-B7C88CCE20AD}.AppStore|ARM.Build.0 = Debug|Any CPU
		{E2AE3F64-E325-45AB-BE43-B7C88CCE20AD}.AppStore|ARM64.ActiveCfg = Debug|Any CPU
		{E2AE3F64-E325-45AB-BE43-B7C88CCE20AD}.AppStore|ARM64.Build.0 = Debug|Any CPU
		{E2AE3F64-E325-45AB-BE43-B7C88CCE20AD}.AppStore|iPhone.ActiveCfg = Debug|Any CPU
		{E2AE3F64-E325-45AB-BE43-B7C88CCE20AD}.AppStore|iPhone.Build.0 = Debug|Any CPU
		{E2AE3F64-E325-45AB-BE43-B7C88CCE20AD}.AppStore|iPhoneSimulator.ActiveCfg = Debug|Any CPU
		{E2AE3F64-E325-45AB-BE43-B7C88CCE20AD}.AppStore|iPhoneSimulator.Build.0 = Debug|Any CPU
		{E2AE3F64-E325-45AB-BE43-B7C88CCE20AD}.AppStore|x64.ActiveCfg = Debug|Any CPU
		{E2AE3F64-E325-45AB-BE43-B7C88CCE20AD}.AppStore|x64.Build.0 = Debug|Any CPU
		{E2AE3F64-E325-45AB-BE43-B7C88CCE20AD}.AppStore|x86.ActiveCfg = Debug|Any CPU
		{E2AE3F64-E325-45AB-BE43-B7C88CCE20AD}.AppStore|x86.Build.0 = Debug|Any CPU
		{E2AE3F64-E325-45AB-BE43-B7C88CCE20AD}.Debug|Any CPU.ActiveCfg = Debug|Any CPU
		{E2AE3F64-E325-45AB-BE43-B7C88CCE20AD}.Debug|Any CPU.Build.0 = Debug|Any CPU
		{E2AE3F64-E325-45AB-BE43-B7C88CCE20AD}.Debug|ARM.ActiveCfg = Debug|Any CPU
		{E2AE3F64-E325-45AB-BE43-B7C88CCE20AD}.Debug|ARM.Build.0 = Debug|Any CPU
		{E2AE3F64-E325-45AB-BE43-B7C88CCE20AD}.Debug|ARM64.ActiveCfg = Debug|Any CPU
		{E2AE3F64-E325-45AB-BE43-B7C88CCE20AD}.Debug|ARM64.Build.0 = Debug|Any CPU
		{E2AE3F64-E325-45AB-BE43-B7C88CCE20AD}.Debug|iPhone.ActiveCfg = Debug|Any CPU
		{E2AE3F64-E325-45AB-BE43-B7C88CCE20AD}.Debug|iPhone.Build.0 = Debug|Any CPU
		{E2AE3F64-E325-45AB-BE43-B7C88CCE20AD}.Debug|iPhoneSimulator.ActiveCfg = Debug|Any CPU
		{E2AE3F64-E325-45AB-BE43-B7C88CCE20AD}.Debug|iPhoneSimulator.Build.0 = Debug|Any CPU
		{E2AE3F64-E325-45AB-BE43-B7C88CCE20AD}.Debug|x64.ActiveCfg = Debug|Any CPU
		{E2AE3F64-E325-45AB-BE43-B7C88CCE20AD}.Debug|x64.Build.0 = Debug|Any CPU
		{E2AE3F64-E325-45AB-BE43-B7C88CCE20AD}.Debug|x86.ActiveCfg = Debug|Any CPU
		{E2AE3F64-E325-45AB-BE43-B7C88CCE20AD}.Debug|x86.Build.0 = Debug|Any CPU
		{E2AE3F64-E325-45AB-BE43-B7C88CCE20AD}.Release|Any CPU.ActiveCfg = Release|Any CPU
		{E2AE3F64-E325-45AB-BE43-B7C88CCE20AD}.Release|Any CPU.Build.0 = Release|Any CPU
		{E2AE3F64-E325-45AB-BE43-B7C88CCE20AD}.Release|ARM.ActiveCfg = Release|Any CPU
		{E2AE3F64-E325-45AB-BE43-B7C88CCE20AD}.Release|ARM.Build.0 = Release|Any CPU
		{E2AE3F64-E325-45AB-BE43-B7C88CCE20AD}.Release|ARM64.ActiveCfg = Release|Any CPU
		{E2AE3F64-E325-45AB-BE43-B7C88CCE20AD}.Release|ARM64.Build.0 = Release|Any CPU
		{E2AE3F64-E325-45AB-BE43-B7C88CCE20AD}.Release|iPhone.ActiveCfg = Release|Any CPU
		{E2AE3F64-E325-45AB-BE43-B7C88CCE20AD}.Release|iPhone.Build.0 = Release|Any CPU
		{E2AE3F64-E325-45AB-BE43-B7C88CCE20AD}.Release|iPhoneSimulator.ActiveCfg = Release|Any CPU
		{E2AE3F64-E325-45AB-BE43-B7C88CCE20AD}.Release|iPhoneSimulator.Build.0 = Release|Any CPU
		{E2AE3F64-E325-45AB-BE43-B7C88CCE20AD}.Release|x64.ActiveCfg = Release|Any CPU
		{E2AE3F64-E325-45AB-BE43-B7C88CCE20AD}.Release|x64.Build.0 = Release|Any CPU
		{E2AE3F64-E325-45AB-BE43-B7C88CCE20AD}.Release|x86.ActiveCfg = Release|Any CPU
		{E2AE3F64-E325-45AB-BE43-B7C88CCE20AD}.Release|x86.Build.0 = Release|Any CPU
		{A7F96E42-C6A1-4AD4-AD89-C1598A1A8F38}.Ad-Hoc|Any CPU.ActiveCfg = Release|iPhoneSimulator
		{A7F96E42-C6A1-4AD4-AD89-C1598A1A8F38}.Ad-Hoc|Any CPU.Build.0 = Release|iPhoneSimulator
		{A7F96E42-C6A1-4AD4-AD89-C1598A1A8F38}.Ad-Hoc|ARM.ActiveCfg = Release|iPhoneSimulator
		{A7F96E42-C6A1-4AD4-AD89-C1598A1A8F38}.Ad-Hoc|ARM.Build.0 = Release|iPhoneSimulator
		{A7F96E42-C6A1-4AD4-AD89-C1598A1A8F38}.Ad-Hoc|ARM64.ActiveCfg = Release|iPhoneSimulator
		{A7F96E42-C6A1-4AD4-AD89-C1598A1A8F38}.Ad-Hoc|ARM64.Build.0 = Release|iPhoneSimulator
		{A7F96E42-C6A1-4AD4-AD89-C1598A1A8F38}.Ad-Hoc|iPhone.ActiveCfg = Release|iPhoneSimulator
		{A7F96E42-C6A1-4AD4-AD89-C1598A1A8F38}.Ad-Hoc|iPhone.Build.0 = Release|iPhoneSimulator
		{A7F96E42-C6A1-4AD4-AD89-C1598A1A8F38}.Ad-Hoc|iPhoneSimulator.ActiveCfg = Release|iPhoneSimulator
		{A7F96E42-C6A1-4AD4-AD89-C1598A1A8F38}.Ad-Hoc|iPhoneSimulator.Build.0 = Release|iPhoneSimulator
		{A7F96E42-C6A1-4AD4-AD89-C1598A1A8F38}.Ad-Hoc|x64.ActiveCfg = Release|iPhoneSimulator
		{A7F96E42-C6A1-4AD4-AD89-C1598A1A8F38}.Ad-Hoc|x64.Build.0 = Release|iPhoneSimulator
		{A7F96E42-C6A1-4AD4-AD89-C1598A1A8F38}.Ad-Hoc|x86.ActiveCfg = Release|iPhoneSimulator
		{A7F96E42-C6A1-4AD4-AD89-C1598A1A8F38}.Ad-Hoc|x86.Build.0 = Release|iPhoneSimulator
		{A7F96E42-C6A1-4AD4-AD89-C1598A1A8F38}.AppStore|Any CPU.ActiveCfg = Release|iPhoneSimulator
		{A7F96E42-C6A1-4AD4-AD89-C1598A1A8F38}.AppStore|Any CPU.Build.0 = Release|iPhoneSimulator
		{A7F96E42-C6A1-4AD4-AD89-C1598A1A8F38}.AppStore|ARM.ActiveCfg = Release|iPhoneSimulator
		{A7F96E42-C6A1-4AD4-AD89-C1598A1A8F38}.AppStore|ARM.Build.0 = Release|iPhoneSimulator
		{A7F96E42-C6A1-4AD4-AD89-C1598A1A8F38}.AppStore|ARM64.ActiveCfg = Release|iPhoneSimulator
		{A7F96E42-C6A1-4AD4-AD89-C1598A1A8F38}.AppStore|ARM64.Build.0 = Release|iPhoneSimulator
		{A7F96E42-C6A1-4AD4-AD89-C1598A1A8F38}.AppStore|iPhone.ActiveCfg = Release|iPhoneSimulator
		{A7F96E42-C6A1-4AD4-AD89-C1598A1A8F38}.AppStore|iPhone.Build.0 = Release|iPhoneSimulator
		{A7F96E42-C6A1-4AD4-AD89-C1598A1A8F38}.AppStore|iPhoneSimulator.ActiveCfg = Release|iPhoneSimulator
		{A7F96E42-C6A1-4AD4-AD89-C1598A1A8F38}.AppStore|iPhoneSimulator.Build.0 = Release|iPhoneSimulator
		{A7F96E42-C6A1-4AD4-AD89-C1598A1A8F38}.AppStore|x64.ActiveCfg = Release|iPhoneSimulator
		{A7F96E42-C6A1-4AD4-AD89-C1598A1A8F38}.AppStore|x64.Build.0 = Release|iPhoneSimulator
		{A7F96E42-C6A1-4AD4-AD89-C1598A1A8F38}.AppStore|x86.ActiveCfg = Release|iPhoneSimulator
		{A7F96E42-C6A1-4AD4-AD89-C1598A1A8F38}.AppStore|x86.Build.0 = Release|iPhoneSimulator
		{A7F96E42-C6A1-4AD4-AD89-C1598A1A8F38}.Debug|Any CPU.ActiveCfg = Debug|iPhoneSimulator
		{A7F96E42-C6A1-4AD4-AD89-C1598A1A8F38}.Debug|ARM.ActiveCfg = Debug|iPhoneSimulator
		{A7F96E42-C6A1-4AD4-AD89-C1598A1A8F38}.Debug|ARM64.ActiveCfg = Debug|iPhoneSimulator
		{A7F96E42-C6A1-4AD4-AD89-C1598A1A8F38}.Debug|iPhone.ActiveCfg = Debug|iPhoneSimulator
		{A7F96E42-C6A1-4AD4-AD89-C1598A1A8F38}.Debug|iPhoneSimulator.ActiveCfg = Debug|iPhoneSimulator
		{A7F96E42-C6A1-4AD4-AD89-C1598A1A8F38}.Debug|iPhoneSimulator.Build.0 = Debug|iPhoneSimulator
		{A7F96E42-C6A1-4AD4-AD89-C1598A1A8F38}.Debug|x64.ActiveCfg = Debug|iPhoneSimulator
		{A7F96E42-C6A1-4AD4-AD89-C1598A1A8F38}.Debug|x86.ActiveCfg = Debug|iPhoneSimulator
		{A7F96E42-C6A1-4AD4-AD89-C1598A1A8F38}.Release|Any CPU.ActiveCfg = Release|iPhoneSimulator
		{A7F96E42-C6A1-4AD4-AD89-C1598A1A8F38}.Release|ARM.ActiveCfg = Release|iPhoneSimulator
		{A7F96E42-C6A1-4AD4-AD89-C1598A1A8F38}.Release|ARM64.ActiveCfg = Release|iPhoneSimulator
		{A7F96E42-C6A1-4AD4-AD89-C1598A1A8F38}.Release|iPhone.ActiveCfg = Release|iPhoneSimulator
		{A7F96E42-C6A1-4AD4-AD89-C1598A1A8F38}.Release|iPhoneSimulator.ActiveCfg = Release|iPhoneSimulator
		{A7F96E42-C6A1-4AD4-AD89-C1598A1A8F38}.Release|iPhoneSimulator.Build.0 = Release|iPhoneSimulator
		{A7F96E42-C6A1-4AD4-AD89-C1598A1A8F38}.Release|x64.ActiveCfg = Release|iPhoneSimulator
		{A7F96E42-C6A1-4AD4-AD89-C1598A1A8F38}.Release|x86.ActiveCfg = Release|iPhoneSimulator
	EndGlobalSection
	GlobalSection(SolutionProperties) = preSolution
		HideSolutionNode = FALSE
	EndGlobalSection
	GlobalSection(ExtensibilityGlobals) = postSolution
		SolutionGuid = {88520585-AA59-452E-98BE-3A1A34586ED3}
	EndGlobalSection
EndGlobal
